// !$*UTF8*$!
{
	archiveVersion = 1;
	classes = {
	};
	objectVersion = 48;
	objects = {

/* Begin PBXBuildFile section */
		0453E1131F85483B001D6B80 /* Constants.swift in Sources */ = {isa = PBXBuildFile; fileRef = 0453E1121F85483B001D6B80 /* Constants.swift */; };
		04831BE41F82A45400285EB4 /* AppDelegate.swift in Sources */ = {isa = PBXBuildFile; fileRef = 04831BE31F82A45400285EB4 /* AppDelegate.swift */; };
		04831BE61F82A45400285EB4 /* MapVC.swift in Sources */ = {isa = PBXBuildFile; fileRef = 04831BE51F82A45400285EB4 /* MapVC.swift */; };
		04831BE91F82A45400285EB4 /* Main.storyboard in Resources */ = {isa = PBXBuildFile; fileRef = 04831BE71F82A45400285EB4 /* Main.storyboard */; };
		04831BEB1F82A45400285EB4 /* Assets.xcassets in Resources */ = {isa = PBXBuildFile; fileRef = 04831BEA1F82A45400285EB4 /* Assets.xcassets */; };
		04831BEE1F82A45400285EB4 /* LaunchScreen.storyboard in Resources */ = {isa = PBXBuildFile; fileRef = 04831BEC1F82A45400285EB4 /* LaunchScreen.storyboard */; };
		04CBFE161F83E6D1001FFE14 /* DroppablePin.swift in Sources */ = {isa = PBXBuildFile; fileRef = 04CBFE151F83E6D1001FFE14 /* DroppablePin.swift */; };
		04CBFE181F83FA5A001FFE14 /* PhotoCell.swift in Sources */ = {isa = PBXBuildFile; fileRef = 04CBFE171F83FA5A001FFE14 /* PhotoCell.swift */; };
		B62609E0910D666E41AB3BB5 /* Pods_pixel_city.framework in Frameworks */ = {isa = PBXBuildFile; fileRef = 20996E057BBB0226E918DA26 /* Pods_pixel_city.framework */; };
/* End PBXBuildFile section */

/* Begin PBXFileReference section */
		0453E1121F85483B001D6B80 /* Constants.swift */ = {isa = PBXFileReference; lastKnownFileType = sourcecode.swift; path = Constants.swift; sourceTree = "<group>"; };
		04831BE01F82A45400285EB4 /* pixel-city.app */ = {isa = PBXFileReference; explicitFileType = wrapper.application; includeInIndex = 0; path = "pixel-city.app"; sourceTree = BUILT_PRODUCTS_DIR; };
		04831BE31F82A45400285EB4 /* AppDelegate.swift */ = {isa = PBXFileReference; lastKnownFileType = sourcecode.swift; path = AppDelegate.swift; sourceTree = "<group>"; };
		04831BE51F82A45400285EB4 /* MapVC.swift */ = {isa = PBXFileReference; lastKnownFileType = sourcecode.swift; path = MapVC.swift; sourceTree = "<group>"; };
		04831BE81F82A45400285EB4 /* Base */ = {isa = PBXFileReference; lastKnownFileType = file.storyboard; name = Base; path = Base.lproj/Main.storyboard; sourceTree = "<group>"; };
		04831BEA1F82A45400285EB4 /* Assets.xcassets */ = {isa = PBXFileReference; lastKnownFileType = folder.assetcatalog; path = Assets.xcassets; sourceTree = "<group>"; };
		04831BED1F82A45400285EB4 /* Base */ = {isa = PBXFileReference; lastKnownFileType = file.storyboard; name = Base; path = Base.lproj/LaunchScreen.storyboard; sourceTree = "<group>"; };
		04831BEF1F82A45400285EB4 /* Info.plist */ = {isa = PBXFileReference; lastKnownFileType = text.plist.xml; path = Info.plist; sourceTree = "<group>"; };
		04CBFE151F83E6D1001FFE14 /* DroppablePin.swift */ = {isa = PBXFileReference; lastKnownFileType = sourcecode.swift; path = DroppablePin.swift; sourceTree = "<group>"; };
		04CBFE171F83FA5A001FFE14 /* PhotoCell.swift */ = {isa = PBXFileReference; lastKnownFileType = sourcecode.swift; path = PhotoCell.swift; sourceTree = "<group>"; };
		20996E057BBB0226E918DA26 /* Pods_pixel_city.framework */ = {isa = PBXFileReference; explicitFileType = wrapper.framework; includeInIndex = 0; path = Pods_pixel_city.framework; sourceTree = BUILT_PRODUCTS_DIR; };
		573E7112EA3559045ADBED4B /* Pods-pixel-city.debug.xcconfig */ = {isa = PBXFileReference; includeInIndex = 1; lastKnownFileType = text.xcconfig; name = "Pods-pixel-city.debug.xcconfig"; path = "Pods/Target Support Files/Pods-pixel-city/Pods-pixel-city.debug.xcconfig"; sourceTree = "<group>"; };
		A0520120F76BAF78A9553975 /* Pods-pixel-city.release.xcconfig */ = {isa = PBXFileReference; includeInIndex = 1; lastKnownFileType = text.xcconfig; name = "Pods-pixel-city.release.xcconfig"; path = "Pods/Target Support Files/Pods-pixel-city/Pods-pixel-city.release.xcconfig"; sourceTree = "<group>"; };
/* End PBXFileReference section */

/* Begin PBXFrameworksBuildPhase section */
		04831BDD1F82A45400285EB4 /* Frameworks */ = {
			isa = PBXFrameworksBuildPhase;
			buildActionMask = 2147483647;
			files = (
				B62609E0910D666E41AB3BB5 /* Pods_pixel_city.framework in Frameworks */,
			);
			runOnlyForDeploymentPostprocessing = 0;
		};
/* End PBXFrameworksBuildPhase section */

/* Begin PBXGroup section */
		04831BD71F82A45300285EB4 = {
			isa = PBXGroup;
			children = (
				04831BE21F82A45400285EB4 /* pixel-city */,
				04831BE11F82A45400285EB4 /* Products */,
				6E980198B7EFC90585CE775C /* Pods */,
				567A1E6D93698AF03F404348 /* Frameworks */,
			);
			sourceTree = "<group>";
		};
		04831BE11F82A45400285EB4 /* Products */ = {
			isa = PBXGroup;
			children = (
				04831BE01F82A45400285EB4 /* pixel-city.app */,
			);
			name = Products;
			sourceTree = "<group>";
		};
		04831BE21F82A45400285EB4 /* pixel-city */ = {
			isa = PBXGroup;
			children = (
				04831BF81F82A4BB00285EB4 /* Utilities */,
				04831BF71F82A49400285EB4 /* Extensions */,
				04831BF61F82A48A00285EB4 /* View */,
				04831BF51F82A48200285EB4 /* Controller */,
				04831BE31F82A45400285EB4 /* AppDelegate.swift */,
				04831BE71F82A45400285EB4 /* Main.storyboard */,
				04831BEA1F82A45400285EB4 /* Assets.xcassets */,
				04831BEC1F82A45400285EB4 /* LaunchScreen.storyboard */,
				04831BEF1F82A45400285EB4 /* Info.plist */,
			);
			path = "pixel-city";
			sourceTree = "<group>";
		};
		04831BF51F82A48200285EB4 /* Controller */ = {
			isa = PBXGroup;
			children = (
				04831BE51F82A45400285EB4 /* MapVC.swift */,
			);
			path = Controller;
			sourceTree = "<group>";
		};
		04831BF61F82A48A00285EB4 /* View */ = {
			isa = PBXGroup;
			children = (
				04CBFE151F83E6D1001FFE14 /* DroppablePin.swift */,
				04CBFE171F83FA5A001FFE14 /* PhotoCell.swift */,
			);
			path = View;
			sourceTree = "<group>";
		};
		04831BF71F82A49400285EB4 /* Extensions */ = {
			isa = PBXGroup;
			children = (
			);
			path = Extensions;
			sourceTree = "<group>";
		};
		04831BF81F82A4BB00285EB4 /* Utilities */ = {
			isa = PBXGroup;
			children = (
				0453E1121F85483B001D6B80 /* Constants.swift */,
			);
			path = Utilities;
			sourceTree = "<group>";
		};
		567A1E6D93698AF03F404348 /* Frameworks */ = {
			isa = PBXGroup;
			children = (
				20996E057BBB0226E918DA26 /* Pods_pixel_city.framework */,
			);
			name = Frameworks;
			sourceTree = "<group>";
		};
		6E980198B7EFC90585CE775C /* Pods */ = {
			isa = PBXGroup;
			children = (
				573E7112EA3559045ADBED4B /* Pods-pixel-city.debug.xcconfig */,
				A0520120F76BAF78A9553975 /* Pods-pixel-city.release.xcconfig */,
			);
			name = Pods;
			sourceTree = "<group>";
		};
/* End PBXGroup section */

/* Begin PBXNativeTarget section */
		04831BDF1F82A45400285EB4 /* pixel-city */ = {
			isa = PBXNativeTarget;
			buildConfigurationList = 04831BF21F82A45400285EB4 /* Build configuration list for PBXNativeTarget "pixel-city" */;
			buildPhases = (
				676E2BE37D64D00B5508BC94 /* [CP] Check Pods Manifest.lock */,
				04831BDC1F82A45400285EB4 /* Sources */,
				04831BDD1F82A45400285EB4 /* Frameworks */,
				04831BDE1F82A45400285EB4 /* Resources */,
				09A46D32C63236719BE71F54 /* [CP] Embed Pods Frameworks */,
				3CDAFE233CBE58F158966F4F /* [CP] Copy Pods Resources */,
			);
			buildRules = (
			);
			dependencies = (
			);
			name = "pixel-city";
			productName = "pixel-city";
			productReference = 04831BE01F82A45400285EB4 /* pixel-city.app */;
			productType = "com.apple.product-type.application";
		};
/* End PBXNativeTarget section */

/* Begin PBXProject section */
		04831BD81F82A45300285EB4 /* Project object */ = {
			isa = PBXProject;
			attributes = {
				LastSwiftUpdateCheck = 0900;
				LastUpgradeCheck = 0900;
				ORGANIZATIONNAME = Mac;
				TargetAttributes = {
					04831BDF1F82A45400285EB4 = {
						CreatedOnToolsVersion = 9.0;
						ProvisioningStyle = Automatic;
					};
				};
			};
			buildConfigurationList = 04831BDB1F82A45300285EB4 /* Build configuration list for PBXProject "pixel-city" */;
			compatibilityVersion = "Xcode 8.0";
			developmentRegion = en;
			hasScannedForEncodings = 0;
			knownRegions = (
				en,
				Base,
			);
			mainGroup = 04831BD71F82A45300285EB4;
			productRefGroup = 04831BE11F82A45400285EB4 /* Products */;
			projectDirPath = "";
			projectRoot = "";
			targets = (
				04831BDF1F82A45400285EB4 /* pixel-city */,
			);
		};
/* End PBXProject section */

/* Begin PBXResourcesBuildPhase section */
		04831BDE1F82A45400285EB4 /* Resources */ = {
			isa = PBXResourcesBuildPhase;
			buildActionMask = 2147483647;
			files = (
				04831BEE1F82A45400285EB4 /* LaunchScreen.storyboard in Resources */,
				04831BEB1F82A45400285EB4 /* Assets.xcassets in Resources */,
				04831BE91F82A45400285EB4 /* Main.storyboard in Resources */,
			);
			runOnlyForDeploymentPostprocessing = 0;
		};
/* End PBXResourcesBuildPhase section */

/* Begin PBXShellScriptBuildPhase section */
		09A46D32C63236719BE71F54 /* [CP] Embed Pods Frameworks */ = {
			isa = PBXShellScriptBuildPhase;
			buildActionMask = 2147483647;
			files = (
			);
			inputPaths = (
				"${SRCROOT}/Pods/Target Support Files/Pods-pixel-city/Pods-pixel-city-frameworks.sh",
				"${BUILT_PRODUCTS_DIR}/Alamofire/Alamofire.framework",
				"${BUILT_PRODUCTS_DIR}/AlamofireImage/AlamofireImage.framework",
			);
			name = "[CP] Embed Pods Frameworks";
			outputPaths = (
				"${TARGET_BUILD_DIR}/${FRAMEWORKS_FOLDER_PATH}/Alamofire.framework",
				"${TARGET_BUILD_DIR}/${FRAMEWORKS_FOLDER_PATH}/AlamofireImage.framework",
			);
			runOnlyForDeploymentPostprocessing = 0;
			shellPath = /bin/sh;
			shellScript = "\"${SRCROOT}/Pods/Target Support Files/Pods-pixel-city/Pods-pixel-city-frameworks.sh\"\n";
			showEnvVarsInLog = 0;
		};
		3CDAFE233CBE58F158966F4F /* [CP] Copy Pods Resources */ = {
			isa = PBXShellScriptBuildPhase;
			buildActionMask = 2147483647;
			files = (
			);
			inputPaths = (
			);
			name = "[CP] Copy Pods Resources";
			outputPaths = (
			);
			runOnlyForDeploymentPostprocessing = 0;
			shellPath = /bin/sh;
			shellScript = "\"${SRCROOT}/Pods/Target Support Files/Pods-pixel-city/Pods-pixel-city-resources.sh\"\n";
			showEnvVarsInLog = 0;
		};
		676E2BE37D64D00B5508BC94 /* [CP] Check Pods Manifest.lock */ = {
			isa = PBXShellScriptBuildPhase;
			buildActionMask = 2147483647;
			files = (
			);
			inputPaths = (
				"${PODS_PODFILE_DIR_PATH}/Podfile.lock",
				"${PODS_ROOT}/Manifest.lock",
			);
			name = "[CP] Check Pods Manifest.lock";
			outputPaths = (
				"$(DERIVED_FILE_DIR)/Pods-pixel-city-checkManifestLockResult.txt",
			);
			runOnlyForDeploymentPostprocessing = 0;
			shellPath = /bin/sh;
			shellScript = "diff \"${PODS_PODFILE_DIR_PATH}/Podfile.lock\" \"${PODS_ROOT}/Manifest.lock\" > /dev/null\nif [ $? != 0 ] ; then\n    # print error to STDERR\n    echo \"error: The sandbox is not in sync with the Podfile.lock. Run 'pod install' or update your CocoaPods installation.\" >&2\n    exit 1\nfi\n# This output is used by Xcode 'outputs' to avoid re-running this script phase.\necho \"SUCCESS\" > \"${SCRIPT_OUTPUT_FILE_0}\"\n";
			showEnvVarsInLog = 0;
		};
/* End PBXShellScriptBuildPhase section */

/* Begin PBXSourcesBuildPhase section */
		04831BDC1F82A45400285EB4 /* Sources */ = {
			isa = PBXSourcesBuildPhase;
			buildActionMask = 2147483647;
			files = (
				0453E1131F85483B001D6B80 /* Constants.swift in Sources */,
				04CBFE181F83FA5A001FFE14 /* PhotoCell.swift in Sources */,
				04831BE61F82A45400285EB4 /* MapVC.swift in Sources */,
				04CBFE161F83E6D1001FFE14 /* DroppablePin.swift in Sources */,
				04831BE41F82A45400285EB4 /* AppDelegate.swift in Sources */,
			);
			runOnlyForDeploymentPostprocessing = 0;
		};
/* End PBXSourcesBuildPhase section */

/* Begin PBXVariantGroup section */
		04831BE71F82A45400285EB4 /* Main.storyboard */ = {
			isa = PBXVariantGroup;
			children = (
				04831BE81F82A45400285EB4 /* Base */,
			);
			name = Main.storyboard;
			sourceTree = "<group>";
		};
		04831BEC1F82A45400285EB4 /* LaunchScreen.storyboard */ = {
			isa = PBXVariantGroup;
			children = (
				04831BED1F82A45400285EB4 /* Base */,
			);
			name = LaunchScreen.storyboard;
			sourceTree = "<group>";
		};
/* End PBXVariantGroup section */

/* Begin XCBuildConfiguration section */
		04831BF01F82A45400285EB4 /* Debug */ = {
			isa = XCBuildConfiguration;
			buildSettings = {
				ALWAYS_SEARCH_USER_PATHS = NO;
				CLANG_ANALYZER_NONNULL = YES;
				CLANG_ANALYZER_NUMBER_OBJECT_CONVERSION = YES_AGGRESSIVE;
				CLANG_CXX_LANGUAGE_STANDARD = "gnu++14";
				CLANG_CXX_LIBRARY = "libc++";
				CLANG_ENABLE_MODULES = YES;
				CLANG_ENABLE_OBJC_ARC = YES;
				CLANG_WARN_BLOCK_CAPTURE_AUTORELEASING = YES;
				CLANG_WARN_BOOL_CONVERSION = YES;
				CLANG_WARN_COMMA = YES;
				CLANG_WARN_CONSTANT_CONVERSION = YES;
				CLANG_WARN_DIRECT_OBJC_ISA_USAGE = YES_ERROR;
				CLANG_WARN_DOCUMENTATION_COMMENTS = YES;
				CLANG_WARN_EMPTY_BODY = YES;
				CLANG_WARN_ENUM_CONVERSION = YES;
				CLANG_WARN_INFINITE_RECURSION = YES;
				CLANG_WARN_INT_CONVERSION = YES;
				CLANG_WARN_NON_LITERAL_NULL_CONVERSION = YES;
				CLANG_WARN_OBJC_LITERAL_CONVERSION = YES;
				CLANG_WARN_OBJC_ROOT_CLASS = YES_ERROR;
				CLANG_WARN_RANGE_LOOP_ANALYSIS = YES;
				CLANG_WARN_STRICT_PROTOTYPES = YES;
				CLANG_WARN_SUSPICIOUS_MOVE = YES;
				CLANG_WARN_UNGUARDED_AVAILABILITY = YES_AGGRESSIVE;
				CLANG_WARN_UNREACHABLE_CODE = YES;
				CLANG_WARN__DUPLICATE_METHOD_MATCH = YES;
				CODE_SIGN_IDENTITY = "iPhone Developer";
				COPY_PHASE_STRIP = NO;
				DEBUG_INFORMATION_FORMAT = dwarf;
				ENABLE_STRICT_OBJC_MSGSEND = YES;
				ENABLE_TESTABILITY = YES;
				GCC_C_LANGUAGE_STANDARD = gnu11;
				GCC_DYNAMIC_NO_PIC = NO;
				GCC_NO_COMMON_BLOCKS = YES;
				GCC_OPTIMIZATION_LEVEL = 0;
				GCC_PREPROCESSOR_DEFINITIONS = (
					"DEBUG=1",
					"$(inherited)",
				);
				GCC_WARN_64_TO_32_BIT_CONVERSION = YES;
				GCC_WARN_ABOUT_RETURN_TYPE = YES_ERROR;
				GCC_WARN_UNDECLARED_SELECTOR = YES;
				GCC_WARN_UNINITIALIZED_AUTOS = YES_AGGRESSIVE;
				GCC_WARN_UNUSED_FUNCTION = YES;
				GCC_WARN_UNUSED_VARIABLE = YES;
				IPHONEOS_DEPLOYMENT_TARGET = 11.0;
				MTL_ENABLE_DEBUG_INFO = YES;
				ONLY_ACTIVE_ARCH = YES;
				SDKROOT = iphoneos;
				SWIFT_ACTIVE_COMPILATION_CONDITIONS = DEBUG;
				SWIFT_OPTIMIZATION_LEVEL = "-Onone";
			};
			name = Debug;
		};
		04831BF11F82A45400285EB4 /* Release */ = {
			isa = XCBuildConfiguration;
			buildSettings = {
				ALWAYS_SEARCH_USER_PATHS = NO;
				CLANG_ANALYZER_NONNULL = YES;
				CLANG_ANALYZER_NUMBER_OBJECT_CONVERSION = YES_AGGRESSIVE;
				CLANG_CXX_LANGUAGE_STANDARD = "gnu++14";
				CLANG_CXX_LIBRARY = "libc++";
				CLANG_ENABLE_MODULES = YES;
				CLANG_ENABLE_OBJC_ARC = YES;
				CLANG_WARN_BLOCK_CAPTURE_AUTORELEASING = YES;
				CLANG_WARN_BOOL_CONVERSION = YES;
				CLANG_WARN_COMMA = YES;
				CLANG_WARN_CONSTANT_CONVERSION = YES;
				CLANG_WARN_DIRECT_OBJC_ISA_USAGE = YES_ERROR;
				CLANG_WARN_DOCUMENTATION_COMMENTS = YES;
				CLANG_WARN_EMPTY_BODY = YES;
				CLANG_WARN_ENUM_CONVERSION = YES;
				CLANG_WARN_INFINITE_RECURSION = YES;
				CLANG_WARN_INT_CONVERSION = YES;
				CLANG_WARN_NON_LITERAL_NULL_CONVERSION = YES;
				CLANG_WARN_OBJC_LITERAL_CONVERSION = YES;
				CLANG_WARN_OBJC_ROOT_CLASS = YES_ERROR;
				CLANG_WARN_RANGE_LOOP_ANALYSIS = YES;
				CLANG_WARN_STRICT_PROTOTYPES = YES;
				CLANG_WARN_SUSPICIOUS_MOVE = YES;
				CLANG_WARN_UNGUARDED_AVAILABILITY = YES_AGGRESSIVE;
				CLANG_WARN_UNREACHABLE_CODE = YES;
				CLANG_WARN__DUPLICATE_METHOD_MATCH = YES;
				CODE_SIGN_IDENTITY = "iPhone Developer";
				COPY_PHASE_STRIP = NO;
				DEBUG_INFORMATION_FORMAT = "dwarf-with-dsym";
				ENABLE_NS_ASSERTIONS = NO;
				ENABLE_STRICT_OBJC_MSGSEND = YES;
				GCC_C_LANGUAGE_STANDARD = gnu11;
				GCC_NO_COMMON_BLOCKS = YES;
				GCC_WARN_64_TO_32_BIT_CONVERSION = YES;
				GCC_WARN_ABOUT_RETURN_TYPE = YES_ERROR;
				GCC_WARN_UNDECLARED_SELECTOR = YES;
				GCC_WARN_UNINITIALIZED_AUTOS = YES_AGGRESSIVE;
				GCC_WARN_UNUSED_FUNCTION = YES;
				GCC_WARN_UNUSED_VARIABLE = YES;
				IPHONEOS_DEPLOYMENT_TARGET = 11.0;
				MTL_ENABLE_DEBUG_INFO = NO;
				SDKROOT = iphoneos;
				SWIFT_OPTIMIZATION_LEVEL = "-Owholemodule";
				VALIDATE_PRODUCT = YES;
			};
			name = Release;
		};
		04831BF31F82A45400285EB4 /* Debug */ = {
			isa = XCBuildConfiguration;
			baseConfigurationReference = 573E7112EA3559045ADBED4B /* Pods-pixel-city.debug.xcconfig */;
			buildSettings = {
				ASSETCATALOG_COMPILER_APPICON_NAME = AppIcon;
				CODE_SIGN_STYLE = Automatic;
				INFOPLIST_FILE = "pixel-city/Info.plist";
				LD_RUNPATH_SEARCH_PATHS = "$(inherited) @executable_path/Frameworks";
				PRODUCT_BUNDLE_IDENTIFIER = "com.example.pixel-city";
				PRODUCT_NAME = "$(TARGET_NAME)";
				SWIFT_VERSION = 4.0;
				TARGETED_DEVICE_FAMILY = "1,2";
			};
			name = Debug;
		};
		04831BF41F82A45400285EB4 /* Release */ = {
			isa = XCBuildConfiguration;
			baseConfigurationReference = A0520120F76BAF78A9553975 /* Pods-pixel-city.release.xcconfig */;
			buildSettings = {
				ASSETCATALOG_COMPILER_APPICON_NAME = AppIcon;
				CODE_SIGN_STYLE = Automatic;
				INFOPLIST_FILE = "pixel-city/Info.plist";
				LD_RUNPATH_SEARCH_PATHS = "$(inherited) @executable_path/Frameworks";
				PRODUCT_BUNDLE_IDENTIFIER = "com.example.pixel-city";
				PRODUCT_NAME = "$(TARGET_NAME)";
				SWIFT_VERSION = 4.0;
				TARGETED_DEVICE_FAMILY = "1,2";
			};
			name = Release;
		};
/* End XCBuildConfiguration section */

/* Begin XCConfigurationList section */
		04831BDB1F82A45300285EB4 /* Build configuration list for PBXProject "pixel-city" */ = {
			isa = XCConfigurationList;
			buildConfigurations = (
				04831BF01F82A45400285EB4 /* Debug */,
				04831BF11F82A45400285EB4 /* Release */,
			);
			defaultConfigurationIsVisible = 0;
			defaultConfigurationName = Release;
		};
		04831BF21F82A45400285EB4 /* Build configuration list for PBXNativeTarget "pixel-city" */ = {
			isa = XCConfigurationList;
			buildConfigurations = (
				04831BF31F82A45400285EB4 /* Debug */,
				04831BF41F82A45400285EB4 /* Release */,
			);
			defaultConfigurationIsVisible = 0;
			defaultConfigurationName = Release;
		};
/* End XCConfigurationList section */
	};
	rootObject = 04831BD81F82A45300285EB4 /* Project object */;
}
